
Microsoft Visual Studio Solution File, Format Version 12.00
# Visual Studio Version 17
VisualStudioVersion = 17.7.34024.191
MinimumVisualStudioVersion = 10.0.40219.1
Project("{9A19103F-16F7-4668-BE54-9A1E7A4F7556}") = "GraphicalPresentationLab2", "GraphicalPresentationLab2\GraphicalPresentationLab2.csproj", "{82DA900A-6468-4417-8FCB-16A62B8EE3EB}"
EndProject
Project("{9A19103F-16F7-4668-BE54-9A1E7A4F7556}") = "GraphicalPresentationLab3", "GraphicalPresentationLab3\GraphicalPresentationLab3.csproj", "{D62719D7-C403-4763-863D-596A10337AF7}"
EndProject
Project("{9A19103F-16F7-4668-BE54-9A1E7A4F7556}") = "GraphicalPresentationLab4", "GraphicalPresentationLab4\GraphicalPresentationLab4.csproj", "{8A9FF87B-C24A-48F9-91F4-577C8A6A40CA}"
EndProject
Project("{9A19103F-16F7-4668-BE54-9A1E7A4F7556}") = "AffineTransformations", "AffineTransformations\AffineTransformations.csproj", "{68F38B10-55B9-410D-88AD-A07D06D678D1}"
EndProject
Project("{9A19103F-16F7-4668-BE54-9A1E7A4F7556}") = "PolygonFillingAlgorithms", "AffineTransformations — копия\PolygonFillingAlgorithms.csproj", "{F6FF64B9-5583-4B34-86DE-E74D5788BC74}"
EndProject
Project("{9A19103F-16F7-4668-BE54-9A1E7A4F7556}") = "PersonalTask", "PersonalTask\PersonalTask.csproj", "{91E6D2F4-3D0E-4ECF-80D2-A5E93FE8D42A}"
EndProject
Project("{9A19103F-16F7-4668-BE54-9A1E7A4F7556}") = "Fractals", "Fractals\Fractals.csproj", "{B364B34C-42BC-4DCF-A088-73742DE11B0D}"
EndProject
Project("{FAE04EC0-301F-11D3-BF4B-00C04F79EFBC}") = "Bezier", "Bezier\Bezier.csproj", "{B9CFA6A0-1D95-4A08-ACA7-DF08869D4734}"
EndProject
Global
	GlobalSection(SolutionConfigurationPlatforms) = preSolution
		Debug|Any CPU = Debug|Any CPU
		Release|Any CPU = Release|Any CPU
	EndGlobalSection
	GlobalSection(ProjectConfigurationPlatforms) = postSolution
		{82DA900A-6468-4417-8FCB-16A62B8EE3EB}.Debug|Any CPU.ActiveCfg = Debug|Any CPU
		{82DA900A-6468-4417-8FCB-16A62B8EE3EB}.Debug|Any CPU.Build.0 = Debug|Any CPU
		{82DA900A-6468-4417-8FCB-16A62B8EE3EB}.Release|Any CPU.ActiveCfg = Release|Any CPU
		{82DA900A-6468-4417-8FCB-16A62B8EE3EB}.Release|Any CPU.Build.0 = Release|Any CPU
		{D62719D7-C403-4763-863D-596A10337AF7}.Debug|Any CPU.ActiveCfg = Debug|Any CPU
		{D62719D7-C403-4763-863D-596A10337AF7}.Debug|Any CPU.Build.0 = Debug|Any CPU
		{D62719D7-C403-4763-863D-596A10337AF7}.Release|Any CPU.ActiveCfg = Release|Any CPU
		{D62719D7-C403-4763-863D-596A10337AF7}.Release|Any CPU.Build.0 = Release|Any CPU
		{8A9FF87B-C24A-48F9-91F4-577C8A6A40CA}.Debug|Any CPU.ActiveCfg = Debug|Any CPU
		{8A9FF87B-C24A-48F9-91F4-577C8A6A40CA}.Debug|Any CPU.Build.0 = Debug|Any CPU
		{8A9FF87B-C24A-48F9-91F4-577C8A6A40CA}.Release|Any CPU.ActiveCfg = Release|Any CPU
		{8A9FF87B-C24A-48F9-91F4-577C8A6A40CA}.Release|Any CPU.Build.0 = Release|Any CPU
		{68F38B10-55B9-410D-88AD-A07D06D678D1}.Debug|Any CPU.ActiveCfg = Debug|Any CPU
		{68F38B10-55B9-410D-88AD-A07D06D678D1}.Debug|Any CPU.Build.0 = Debug|Any CPU
		{68F38B10-55B9-410D-88AD-A07D06D678D1}.Release|Any CPU.ActiveCfg = Release|Any CPU
		{68F38B10-55B9-410D-88AD-A07D06D678D1}.Release|Any CPU.Build.0 = Release|Any CPU
		{F6FF64B9-5583-4B34-86DE-E74D5788BC74}.Debug|Any CPU.ActiveCfg = Debug|Any CPU
		{F6FF64B9-5583-4B34-86DE-E74D5788BC74}.Debug|Any CPU.Build.0 = Debug|Any CPU
		{F6FF64B9-5583-4B34-86DE-E74D5788BC74}.Release|Any CPU.ActiveCfg = Release|Any CPU
		{F6FF64B9-5583-4B34-86DE-E74D5788BC74}.Release|Any CPU.Build.0 = Release|Any CPU
		{91E6D2F4-3D0E-4ECF-80D2-A5E93FE8D42A}.Debug|Any CPU.ActiveCfg = Debug|Any CPU
		{91E6D2F4-3D0E-4ECF-80D2-A5E93FE8D42A}.Debug|Any CPU.Build.0 = Debug|Any CPU
		{91E6D2F4-3D0E-4ECF-80D2-A5E93FE8D42A}.Release|Any CPU.ActiveCfg = Release|Any CPU
		{91E6D2F4-3D0E-4ECF-80D2-A5E93FE8D42A}.Release|Any CPU.Build.0 = Release|Any CPU
		{B364B34C-42BC-4DCF-A088-73742DE11B0D}.Debug|Any CPU.ActiveCfg = Debug|Any CPU
		{B364B34C-42BC-4DCF-A088-73742DE11B0D}.Debug|Any CPU.Build.0 = Debug|Any CPU
		{B364B34C-42BC-4DCF-A088-73742DE11B0D}.Release|Any CPU.ActiveCfg = Release|Any CPU
		{B364B34C-42BC-4DCF-A088-73742DE11B0D}.Release|Any CPU.Build.0 = Release|Any CPU
		{B9CFA6A0-1D95-4A08-ACA7-DF08869D4734}.Debug|Any CPU.ActiveCfg = Debug|Any CPU
		{B9CFA6A0-1D95-4A08-ACA7-DF08869D4734}.Debug|Any CPU.Build.0 = Debug|Any CPU
		{B9CFA6A0-1D95-4A08-ACA7-DF08869D4734}.Release|Any CPU.ActiveCfg = Release|Any CPU
		{B9CFA6A0-1D95-4A08-ACA7-DF08869D4734}.Release|Any CPU.Build.0 = Release|Any CPU
	EndGlobalSection
	GlobalSection(SolutionProperties) = preSolution
		HideSolutionNode = FALSE
	EndGlobalSection
	GlobalSection(ExtensibilityGlobals) = postSolution
		SolutionGuid = {ACB00A19-96C6-40BB-A48A-B349D78199E7}
	EndGlobalSection
EndGlobal
